# This file is automatically @generated by Cargo.
# It is not intended for manual editing.
version = 4

[[package]]
name = "mssql-orm"
version = "0.1.0"
dependencies = [
 "mssql-orm-core",
 "mssql-orm-macros",
 "mssql-orm-migrate",
 "mssql-orm-query",
 "mssql-orm-sqlserver",
 "mssql-orm-tiberius",
]

[[package]]
name = "mssql-orm-cli"
version = "0.1.0"
dependencies = [
 "mssql-orm-migrate",
]

[[package]]
name = "mssql-orm-core"
version = "0.1.0"

[[package]]
name = "mssql-orm-macros"
version = "0.1.0"
dependencies = [
 "proc-macro2",
 "quote",
 "syn",
]

[[package]]
name = "mssql-orm-migrate"
version = "0.1.0"
dependencies = [
 "mssql-orm-core",
 "mssql-orm-sqlserver",
]

[[package]]
name = "mssql-orm-query"
version = "0.1.0"
dependencies = [
 "mssql-orm-core",
]

[[package]]
name = "mssql-orm-sqlserver"
version = "0.1.0"
dependencies = [
 "mssql-orm-core",
 "mssql-orm-query",
]

[[package]]
name = "mssql-orm-tiberius"
version = "0.1.0"
dependencies = [
 "mssql-orm-core",
 "mssql-orm-query",
 "mssql-orm-sqlserver",
]

[[package]]
name = "proc-macro2"
version = "1.0.106"
source = "registry+https://github.com/rust-lang/crates.io-index"
checksum = "8fd00f0bb2e90d81d1044c2b32617f68fcb9fa3bb7640c23e9c748e53fb30934"
dependencies = [
 "unicode-ident",
]

[[package]]
name = "quote"
version = "1.0.45"
source = "registry+https://github.com/rust-lang/crates.io-index"
checksum = "41f2619966050689382d2b44f664f4bc593e129785a36d6ee376ddf37259b924"
dependencies = [
 "proc-macro2",
]

[[package]]
name = "syn"
version = "2.0.117"
source = "registry+https://github.com/rust-lang/crates.io-index"
checksum = "e665b8803e7b1d2a727f4023456bbbbe74da67099c585258af0ad9c5013b9b99"
dependencies = [
 "proc-macro2",
 "quote",
 "unicode-ident",
]

[[package]]
name = "unicode-ident"
version = "1.0.24"
source = "registry+https://github.com/rust-lang/crates.io-index"
checksum = "e6e4313cd5fcd3dad5cafa179702e2b244f760991f45397d14d4ebf38247da75"
